// !$*UTF8*$!
{
	archiveVersion = 1;
	classes = {
	};
	objectVersion = 50;
	objects = {

/* Begin PBXBuildFile section */
		C7059FB12456C36500FAB8F0 /* AppDelegate.m in Sources */ = {isa = PBXBuildFile; fileRef = C7059FB02456C36500FAB8F0 /* AppDelegate.m */; };
		C7059FB42456C36500FAB8F0 /* SceneDelegate.m in Sources */ = {isa = PBXBuildFile; fileRef = C7059FB32456C36500FAB8F0 /* SceneDelegate.m */; };
		C7059FB72456C36500FAB8F0 /* ViewController.m in Sources */ = {isa = PBXBuildFile; fileRef = C7059FB62456C36500FAB8F0 /* ViewController.m */; };
		C7059FBA2456C36500FAB8F0 /* Main.storyboard in Resources */ = {isa = PBXBuildFile; fileRef = C7059FB82456C36500FAB8F0 /* Main.storyboard */; };
		C7059FBC2456C36600FAB8F0 /* Assets.xcassets in Resources */ = {isa = PBXBuildFile; fileRef = C7059FBB2456C36600FAB8F0 /* Assets.xcassets */; };
		C7059FBF2456C36600FAB8F0 /* LaunchScreen.storyboard in Resources */ = {isa = PBXBuildFile; fileRef = C7059FBD2456C36600FAB8F0 /* LaunchScreen.storyboard */; };
		C7059FC22456C36600FAB8F0 /* main.m in Sources */ = {isa = PBXBuildFile; fileRef = C7059FC12456C36600FAB8F0 /* main.m */; };
		C7059FCC2456C36600FAB8F0 /* ZLDesignPatterns_DemoTests.m in Sources */ = {isa = PBXBuildFile; fileRef = C7059FCB2456C36600FAB8F0 /* ZLDesignPatterns_DemoTests.m */; };
		C7059FD72456C36600FAB8F0 /* ZLDesignPatterns_DemoUITests.m in Sources */ = {isa = PBXBuildFile; fileRef = C7059FD62456C36600FAB8F0 /* ZLDesignPatterns_DemoUITests.m */; };
		C705A0002456CB1C00FAB8F0 /* FactoryPatternViewController.m in Sources */ = {isa = PBXBuildFile; fileRef = C7059FFF2456CB1C00FAB8F0 /* FactoryPatternViewController.m */; };
		C705A0032456CBE000FAB8F0 /* AbstractFactoryPatternViewController.m in Sources */ = {isa = PBXBuildFile; fileRef = C705A0022456CBE000FAB8F0 /* AbstractFactoryPatternViewController.m */; };
		C705A0062456CBF300FAB8F0 /* SingletonPatternViewController.m in Sources */ = {isa = PBXBuildFile; fileRef = C705A0052456CBF300FAB8F0 /* SingletonPatternViewController.m */; };
		C705A0092456CC0000FAB8F0 /* BuilderViewController.m in Sources */ = {isa = PBXBuildFile; fileRef = C705A0082456CC0000FAB8F0 /* BuilderViewController.m */; };
		C705A00C2456CC0B00FAB8F0 /* PrototypePatternViewController.m in Sources */ = {isa = PBXBuildFile; fileRef = C705A00B2456CC0B00FAB8F0 /* PrototypePatternViewController.m */; };
		C705A00F2456CC1B00FAB8F0 /* AdapterViewController.m in Sources */ = {isa = PBXBuildFile; fileRef = C705A00E2456CC1B00FAB8F0 /* AdapterViewController.m */; };
		C705A0122456CC2700FAB8F0 /* DecoratorPatternViewController.m in Sources */ = {isa = PBXBuildFile; fileRef = C705A0112456CC2700FAB8F0 /* DecoratorPatternViewController.m */; };
		C705A0152456CC3400FAB8F0 /* DelegatePatternViewController.m in Sources */ = {isa = PBXBuildFile; fileRef = C705A0142456CC3400FAB8F0 /* DelegatePatternViewController.m */; };
		C705A0182456CC3F00FAB8F0 /* FacadePatternViewController.m in Sources */ = {isa = PBXBuildFile; fileRef = C705A0172456CC3F00FAB8F0 /* FacadePatternViewController.m */; };
		C705A01B2456CC4900FAB8F0 /* BridgePatternViewController.m in Sources */ = {isa = PBXBuildFile; fileRef = C705A01A2456CC4900FAB8F0 /* BridgePatternViewController.m */; };
		C705A01E2456CC5400FAB8F0 /* CompositePatternViewController.m in Sources */ = {isa = PBXBuildFile; fileRef = C705A01D2456CC5400FAB8F0 /* CompositePatternViewController.m */; };
		C705A0212456CC6000FAB8F0 /* FlyweightPatternViewController.m in Sources */ = {isa = PBXBuildFile; fileRef = C705A0202456CC6000FAB8F0 /* FlyweightPatternViewController.m */; };
		C705A0242456CC6C00FAB8F0 /* StrategyPatternViewController.m in Sources */ = {isa = PBXBuildFile; fileRef = C705A0232456CC6C00FAB8F0 /* StrategyPatternViewController.m */; };
		C705A0272456CC7B00FAB8F0 /* TemplatePatternViewController.m in Sources */ = {isa = PBXBuildFile; fileRef = C705A0262456CC7B00FAB8F0 /* TemplatePatternViewController.m */; };
		C705A02A2456CC8B00FAB8F0 /* ObserverPatternViewController.m in Sources */ = {isa = PBXBuildFile; fileRef = C705A0292456CC8B00FAB8F0 /* ObserverPatternViewController.m */; };
		C705A02D2456CC9700FAB8F0 /* MediatorPatternViewController.m in Sources */ = {isa = PBXBuildFile; fileRef = C705A02C2456CC9700FAB8F0 /* MediatorPatternViewController.m */; };
		C705A0302456CCA400FAB8F0 /* IteratorPatternViewController.m in Sources */ = {isa = PBXBuildFile; fileRef = C705A02F2456CCA400FAB8F0 /* IteratorPatternViewController.m */; };
		C705A0332456CCAF00FAB8F0 /* ChainOfResponsibilityPatternViewController.m in Sources */ = {isa = PBXBuildFile; fileRef = C705A0322456CCAF00FAB8F0 /* ChainOfResponsibilityPatternViewController.m */; };
		C705A0362456CCBB00FAB8F0 /* CommandPatternViewController.m in Sources */ = {isa = PBXBuildFile; fileRef = C705A0352456CCBB00FAB8F0 /* CommandPatternViewController.m */; };
		C705A0392456CCC800FAB8F0 /* MementoPatternViewController.m in Sources */ = {isa = PBXBuildFile; fileRef = C705A0382456CCC800FAB8F0 /* MementoPatternViewController.m */; };
		C705A03C2456CCD300FAB8F0 /* StatePatternViewController.m in Sources */ = {isa = PBXBuildFile; fileRef = C705A03B2456CCD300FAB8F0 /* StatePatternViewController.m */; };
		C705A03F2456CCE100FAB8F0 /* VisitorPatternViewController.m in Sources */ = {isa = PBXBuildFile; fileRef = C705A03E2456CCE100FAB8F0 /* VisitorPatternViewController.m */; };
		C705A0422456CCEC00FAB8F0 /* InterpreterPatternViewController.m in Sources */ = {isa = PBXBuildFile; fileRef = C705A0412456CCEC00FAB8F0 /* InterpreterPatternViewController.m */; };
		C728A3DD24596209001AEF97 /* Order.m in Sources */ = {isa = PBXBuildFile; fileRef = C728A3D424596208001AEF97 /* Order.m */; };
		C728A3DE24596209001AEF97 /* ManagerHandler.m in Sources */ = {isa = PBXBuildFile; fileRef = C728A3D524596208001AEF97 /* ManagerHandler.m */; };
		C728A3DF24596209001AEF97 /* GroupLeaderHandler.m in Sources */ = {isa = PBXBuildFile; fileRef = C728A3D824596209001AEF97 /* GroupLeaderHandler.m */; };
		C728A3E024596209001AEF97 /* Handler.m in Sources */ = {isa = PBXBuildFile; fileRef = C728A3DA24596209001AEF97 /* Handler.m */; };
		C728A3E124596209001AEF97 /* ChairmanHandler.m in Sources */ = {isa = PBXBuildFile; fileRef = C728A3DC24596209001AEF97 /* ChairmanHandler.m */; };
		C728A40224596F42001AEF97 /* BusinessObject1.m in Sources */ = {isa = PBXBuildFile; fileRef = C728A3FA24596F41001AEF97 /* BusinessObject1.m */; };
		C728A40324596F42001AEF97 /* BusinessObject.m in Sources */ = {isa = PBXBuildFile; fileRef = C728A3FB24596F41001AEF97 /* BusinessObject.m */; };
		C728A40424596F42001AEF97 /* BusinessObject3.m in Sources */ = {isa = PBXBuildFile; fileRef = C728A3FE24596F42001AEF97 /* BusinessObject3.m */; };
		C728A40524596F42001AEF97 /* BusinessObject2.m in Sources */ = {isa = PBXBuildFile; fileRef = C728A40024596F42001AEF97 /* BusinessObject2.m */; };
		C728A41624597ED8001AEF97 /* Remote.m in Sources */ = {isa = PBXBuildFile; fileRef = C728A40924597ED8001AEF97 /* Remote.m */; };
		C728A41724597ED8001AEF97 /* DirectionRemote.m in Sources */ = {isa = PBXBuildFile; fileRef = C728A40A24597ED8001AEF97 /* DirectionRemote.m */; };
		C728A41824597ED8001AEF97 /* TemperatureRemote.m in Sources */ = {isa = PBXBuildFile; fileRef = C728A40E24597ED8001AEF97 /* TemperatureRemote.m */; };
		C728A41924597ED8001AEF97 /* GeliAirConditioner.m in Sources */ = {isa = PBXBuildFile; fileRef = C728A41024597ED8001AEF97 /* GeliAirConditioner.m */; };
		C728A41A24597ED8001AEF97 /* AirConditioner.m in Sources */ = {isa = PBXBuildFile; fileRef = C728A41424597ED8001AEF97 /* AirConditioner.m */; };
		C728A41B24597ED8001AEF97 /* HaierAirConditioner.m in Sources */ = {isa = PBXBuildFile; fileRef = C728A41524597ED8001AEF97 /* HaierAirConditioner.m */; };
/* End PBXBuildFile section */

/* Begin PBXContainerItemProxy section */
		C7059FC82456C36600FAB8F0 /* PBXContainerItemProxy */ = {
			isa = PBXContainerItemProxy;
			containerPortal = C7059FA42456C36500FAB8F0 /* Project object */;
			proxyType = 1;
			remoteGlobalIDString = C7059FAB2456C36500FAB8F0;
			remoteInfo = "ZLDesignPatterns-Demo";
		};
		C7059FD32456C36600FAB8F0 /* PBXContainerItemProxy */ = {
			isa = PBXContainerItemProxy;
			containerPortal = C7059FA42456C36500FAB8F0 /* Project object */;
			proxyType = 1;
			remoteGlobalIDString = C7059FAB2456C36500FAB8F0;
			remoteInfo = "ZLDesignPatterns-Demo";
		};
/* End PBXContainerItemProxy section */

/* Begin PBXFileReference section */
		C7059FAC2456C36500FAB8F0 /* ZLDesignPatterns-Demo.app */ = {isa = PBXFileReference; explicitFileType = wrapper.application; includeInIndex = 0; path = "ZLDesignPatterns-Demo.app"; sourceTree = BUILT_PRODUCTS_DIR; };
		C7059FAF2456C36500FAB8F0 /* AppDelegate.h */ = {isa = PBXFileReference; lastKnownFileType = sourcecode.c.h; path = AppDelegate.h; sourceTree = "<group>"; };
		C7059FB02456C36500FAB8F0 /* AppDelegate.m */ = {isa = PBXFileReference; lastKnownFileType = sourcecode.c.objc; path = AppDelegate.m; sourceTree = "<group>"; };
		C7059FB22456C36500FAB8F0 /* SceneDelegate.h */ = {isa = PBXFileReference; lastKnownFileType = sourcecode.c.h; path = SceneDelegate.h; sourceTree = "<group>"; };
		C7059FB32456C36500FAB8F0 /* SceneDelegate.m */ = {isa = PBXFileReference; lastKnownFileType = sourcecode.c.objc; path = SceneDelegate.m; sourceTree = "<group>"; };
		C7059FB52456C36500FAB8F0 /* ViewController.h */ = {isa = PBXFileReference; lastKnownFileType = sourcecode.c.h; path = ViewController.h; sourceTree = "<group>"; };
		C7059FB62456C36500FAB8F0 /* ViewController.m */ = {isa = PBXFileReference; lastKnownFileType = sourcecode.c.objc; path = ViewController.m; sourceTree = "<group>"; };
		C7059FB92456C36500FAB8F0 /* Base */ = {isa = PBXFileReference; lastKnownFileType = file.storyboard; name = Base; path = Base.lproj/Main.storyboard; sourceTree = "<group>"; };
		C7059FBB2456C36600FAB8F0 /* Assets.xcassets */ = {isa = PBXFileReference; lastKnownFileType = folder.assetcatalog; path = Assets.xcassets; sourceTree = "<group>"; };
		C7059FBE2456C36600FAB8F0 /* Base */ = {isa = PBXFileReference; lastKnownFileType = file.storyboard; name = Base; path = Base.lproj/LaunchScreen.storyboard; sourceTree = "<group>"; };
		C7059FC02456C36600FAB8F0 /* Info.plist */ = {isa = PBXFileReference; lastKnownFileType = text.plist.xml; path = Info.plist; sourceTree = "<group>"; };
		C7059FC12456C36600FAB8F0 /* main.m */ = {isa = PBXFileReference; lastKnownFileType = sourcecode.c.objc; path = main.m; sourceTree = "<group>"; };
		C7059FC72456C36600FAB8F0 /* ZLDesignPatterns-DemoTests.xctest */ = {isa = PBXFileReference; explicitFileType = wrapper.cfbundle; includeInIndex = 0; path = "ZLDesignPatterns-DemoTests.xctest"; sourceTree = BUILT_PRODUCTS_DIR; };
		C7059FCB2456C36600FAB8F0 /* ZLDesignPatterns_DemoTests.m */ = {isa = PBXFileReference; lastKnownFileType = sourcecode.c.objc; path = ZLDesignPatterns_DemoTests.m; sourceTree = "<group>"; };
		C7059FCD2456C36600FAB8F0 /* Info.plist */ = {isa = PBXFileReference; lastKnownFileType = text.plist.xml; path = Info.plist; sourceTree = "<group>"; };
		C7059FD22456C36600FAB8F0 /* ZLDesignPatterns-DemoUITests.xctest */ = {isa = PBXFileReference; explicitFileType = wrapper.cfbundle; includeInIndex = 0; path = "ZLDesignPatterns-DemoUITests.xctest"; sourceTree = BUILT_PRODUCTS_DIR; };
		C7059FD62456C36600FAB8F0 /* ZLDesignPatterns_DemoUITests.m */ = {isa = PBXFileReference; lastKnownFileType = sourcecode.c.objc; path = ZLDesignPatterns_DemoUITests.m; sourceTree = "<group>"; };
		C7059FD82456C36600FAB8F0 /* Info.plist */ = {isa = PBXFileReference; lastKnownFileType = text.plist.xml; path = Info.plist; sourceTree = "<group>"; };
		C7059FFE2456CB1C00FAB8F0 /* FactoryPatternViewController.h */ = {isa = PBXFileReference; lastKnownFileType = sourcecode.c.h; path = FactoryPatternViewController.h; sourceTree = "<group>"; };
		C7059FFF2456CB1C00FAB8F0 /* FactoryPatternViewController.m */ = {isa = PBXFileReference; lastKnownFileType = sourcecode.c.objc; path = FactoryPatternViewController.m; sourceTree = "<group>"; };
		C705A0012456CBE000FAB8F0 /* AbstractFactoryPatternViewController.h */ = {isa = PBXFileReference; lastKnownFileType = sourcecode.c.h; path = AbstractFactoryPatternViewController.h; sourceTree = "<group>"; };
		C705A0022456CBE000FAB8F0 /* AbstractFactoryPatternViewController.m */ = {isa = PBXFileReference; lastKnownFileType = sourcecode.c.objc; path = AbstractFactoryPatternViewController.m; sourceTree = "<group>"; };
		C705A0042456CBF300FAB8F0 /* SingletonPatternViewController.h */ = {isa = PBXFileReference; lastKnownFileType = sourcecode.c.h; path = SingletonPatternViewController.h; sourceTree = "<group>"; };
		C705A0052456CBF300FAB8F0 /* SingletonPatternViewController.m */ = {isa = PBXFileReference; lastKnownFileType = sourcecode.c.objc; path = SingletonPatternViewController.m; sourceTree = "<group>"; };
		C705A0072456CC0000FAB8F0 /* BuilderViewController.h */ = {isa = PBXFileReference; lastKnownFileType = sourcecode.c.h; path = BuilderViewController.h; sourceTree = "<group>"; };
		C705A0082456CC0000FAB8F0 /* BuilderViewController.m */ = {isa = PBXFileReference; lastKnownFileType = sourcecode.c.objc; path = BuilderViewController.m; sourceTree = "<group>"; };
		C705A00A2456CC0B00FAB8F0 /* PrototypePatternViewController.h */ = {isa = PBXFileReference; lastKnownFileType = sourcecode.c.h; path = PrototypePatternViewController.h; sourceTree = "<group>"; };
		C705A00B2456CC0B00FAB8F0 /* PrototypePatternViewController.m */ = {isa = PBXFileReference; lastKnownFileType = sourcecode.c.objc; path = PrototypePatternViewController.m; sourceTree = "<group>"; };
		C705A00D2456CC1B00FAB8F0 /* AdapterViewController.h */ = {isa = PBXFileReference; lastKnownFileType = sourcecode.c.h; path = AdapterViewController.h; sourceTree = "<group>"; };
		C705A00E2456CC1B00FAB8F0 /* AdapterViewController.m */ = {isa = PBXFileReference; lastKnownFileType = sourcecode.c.objc; path = AdapterViewController.m; sourceTree = "<group>"; };
		C705A0102456CC2700FAB8F0 /* DecoratorPatternViewController.h */ = {isa = PBXFileReference; lastKnownFileType = sourcecode.c.h; path = DecoratorPatternViewController.h; sourceTree = "<group>"; };
		C705A0112456CC2700FAB8F0 /* DecoratorPatternViewController.m */ = {isa = PBXFileReference; lastKnownFileType = sourcecode.c.objc; path = DecoratorPatternViewController.m; sourceTree = "<group>"; };
		C705A0132456CC3400FAB8F0 /* DelegatePatternViewController.h */ = {isa = PBXFileReference; lastKnownFileType = sourcecode.c.h; path = DelegatePatternViewController.h; sourceTree = "<group>"; };
		C705A0142456CC3400FAB8F0 /* DelegatePatternViewController.m */ = {isa = PBXFileReference; lastKnownFileType = sourcecode.c.objc; path = DelegatePatternViewController.m; sourceTree = "<group>"; };
		C705A0162456CC3F00FAB8F0 /* FacadePatternViewController.h */ = {isa = PBXFileReference; lastKnownFileType = sourcecode.c.h; path = FacadePatternViewController.h; sourceTree = "<group>"; };
		C705A0172456CC3F00FAB8F0 /* FacadePatternViewController.m */ = {isa = PBXFileReference; lastKnownFileType = sourcecode.c.objc; path = FacadePatternViewController.m; sourceTree = "<group>"; };
		C705A0192456CC4900FAB8F0 /* BridgePatternViewController.h */ = {isa = PBXFileReference; lastKnownFileType = sourcecode.c.h; path = BridgePatternViewController.h; sourceTree = "<group>"; };
		C705A01A2456CC4900FAB8F0 /* BridgePatternViewController.m */ = {isa = PBXFileReference; lastKnownFileType = sourcecode.c.objc; path = BridgePatternViewController.m; sourceTree = "<group>"; };
		C705A01C2456CC5400FAB8F0 /* CompositePatternViewController.h */ = {isa = PBXFileReference; lastKnownFileType = sourcecode.c.h; path = CompositePatternViewController.h; sourceTree = "<group>"; };
		C705A01D2456CC5400FAB8F0 /* CompositePatternViewController.m */ = {isa = PBXFileReference; lastKnownFileType = sourcecode.c.objc; path = CompositePatternViewController.m; sourceTree = "<group>"; };
		C705A01F2456CC6000FAB8F0 /* FlyweightPatternViewController.h */ = {isa = PBXFileReference; lastKnownFileType = sourcecode.c.h; path = FlyweightPatternViewController.h; sourceTree = "<group>"; };
		C705A0202456CC6000FAB8F0 /* FlyweightPatternViewController.m */ = {isa = PBXFileReference; lastKnownFileType = sourcecode.c.objc; path = FlyweightPatternViewController.m; sourceTree = "<group>"; };
		C705A0222456CC6C00FAB8F0 /* StrategyPatternViewController.h */ = {isa = PBXFileReference; lastKnownFileType = sourcecode.c.h; path = StrategyPatternViewController.h; sourceTree = "<group>"; };
		C705A0232456CC6C00FAB8F0 /* StrategyPatternViewController.m */ = {isa = PBXFileReference; lastKnownFileType = sourcecode.c.objc; path = StrategyPatternViewController.m; sourceTree = "<group>"; };
		C705A0252456CC7B00FAB8F0 /* TemplatePatternViewController.h */ = {isa = PBXFileReference; lastKnownFileType = sourcecode.c.h; path = TemplatePatternViewController.h; sourceTree = "<group>"; };
		C705A0262456CC7B00FAB8F0 /* TemplatePatternViewController.m */ = {isa = PBXFileReference; lastKnownFileType = sourcecode.c.objc; path = TemplatePatternViewController.m; sourceTree = "<group>"; };
		C705A0282456CC8B00FAB8F0 /* ObserverPatternViewController.h */ = {isa = PBXFileReference; lastKnownFileType = sourcecode.c.h; path = ObserverPatternViewController.h; sourceTree = "<group>"; };
		C705A0292456CC8B00FAB8F0 /* ObserverPatternViewController.m */ = {isa = PBXFileReference; lastKnownFileType = sourcecode.c.objc; path = ObserverPatternViewController.m; sourceTree = "<group>"; };
		C705A02B2456CC9700FAB8F0 /* MediatorPatternViewController.h */ = {isa = PBXFileReference; lastKnownFileType = sourcecode.c.h; path = MediatorPatternViewController.h; sourceTree = "<group>"; };
		C705A02C2456CC9700FAB8F0 /* MediatorPatternViewController.m */ = {isa = PBXFileReference; lastKnownFileType = sourcecode.c.objc; path = MediatorPatternViewController.m; sourceTree = "<group>"; };
		C705A02E2456CCA400FAB8F0 /* IteratorPatternViewController.h */ = {isa = PBXFileReference; lastKnownFileType = sourcecode.c.h; path = IteratorPatternViewController.h; sourceTree = "<group>"; };
		C705A02F2456CCA400FAB8F0 /* IteratorPatternViewController.m */ = {isa = PBXFileReference; lastKnownFileType = sourcecode.c.objc; path = IteratorPatternViewController.m; sourceTree = "<group>"; };
		C705A0312456CCAF00FAB8F0 /* ChainOfResponsibilityPatternViewController.h */ = {isa = PBXFileReference; lastKnownFileType = sourcecode.c.h; path = ChainOfResponsibilityPatternViewController.h; sourceTree = "<group>"; };
		C705A0322456CCAF00FAB8F0 /* ChainOfResponsibilityPatternViewController.m */ = {isa = PBXFileReference; lastKnownFileType = sourcecode.c.objc; path = ChainOfResponsibilityPatternViewController.m; sourceTree = "<group>"; };
		C705A0342456CCBB00FAB8F0 /* CommandPatternViewController.h */ = {isa = PBXFileReference; lastKnownFileType = sourcecode.c.h; path = CommandPatternViewController.h; sourceTree = "<group>"; };
		C705A0352456CCBB00FAB8F0 /* CommandPatternViewController.m */ = {isa = PBXFileReference; lastKnownFileType = sourcecode.c.objc; path = CommandPatternViewController.m; sourceTree = "<group>"; };
		C705A0372456CCC800FAB8F0 /* MementoPatternViewController.h */ = {isa = PBXFileReference; lastKnownFileType = sourcecode.c.h; path = MementoPatternViewController.h; sourceTree = "<group>"; };
		C705A0382456CCC800FAB8F0 /* MementoPatternViewController.m */ = {isa = PBXFileReference; lastKnownFileType = sourcecode.c.objc; path = MementoPatternViewController.m; sourceTree = "<group>"; };
		C705A03A2456CCD300FAB8F0 /* StatePatternViewController.h */ = {isa = PBXFileReference; lastKnownFileType = sourcecode.c.h; path = StatePatternViewController.h; sourceTree = "<group>"; };
		C705A03B2456CCD300FAB8F0 /* StatePatternViewController.m */ = {isa = PBXFileReference; lastKnownFileType = sourcecode.c.objc; path = StatePatternViewController.m; sourceTree = "<group>"; };
		C705A03D2456CCE100FAB8F0 /* VisitorPatternViewController.h */ = {isa = PBXFileReference; lastKnownFileType = sourcecode.c.h; path = VisitorPatternViewController.h; sourceTree = "<group>"; };
		C705A03E2456CCE100FAB8F0 /* VisitorPatternViewController.m */ = {isa = PBXFileReference; lastKnownFileType = sourcecode.c.objc; path = VisitorPatternViewController.m; sourceTree = "<group>"; };
		C705A0402456CCEC00FAB8F0 /* InterpreterPatternViewController.h */ = {isa = PBXFileReference; lastKnownFileType = sourcecode.c.h; path = InterpreterPatternViewController.h; sourceTree = "<group>"; };
		C705A0412456CCEC00FAB8F0 /* InterpreterPatternViewController.m */ = {isa = PBXFileReference; lastKnownFileType = sourcecode.c.objc; path = InterpreterPatternViewController.m; sourceTree = "<group>"; };
		C728A3D324596208001AEF97 /* GroupLeaderHandler.h */ = {isa = PBXFileReference; fileEncoding = 4; lastKnownFileType = sourcecode.c.h; path = GroupLeaderHandler.h; sourceTree = "<group>"; };
		C728A3D424596208001AEF97 /* Order.m */ = {isa = PBXFileReference; fileEncoding = 4; lastKnownFileType = sourcecode.c.objc; path = Order.m; sourceTree = "<group>"; };
		C728A3D524596208001AEF97 /* ManagerHandler.m */ = {isa = PBXFileReference; fileEncoding = 4; lastKnownFileType = sourcecode.c.objc; path = ManagerHandler.m; sourceTree = "<group>"; };
		C728A3D624596208001AEF97 /* ManagerHandler.h */ = {isa = PBXFileReference; fileEncoding = 4; lastKnownFileType = sourcecode.c.h; path = ManagerHandler.h; sourceTree = "<group>"; };
		C728A3D724596208001AEF97 /* ChairmanHandler.h */ = {isa = PBXFileReference; fileEncoding = 4; lastKnownFileType = sourcecode.c.h; path = ChairmanHandler.h; sourceTree = "<group>"; };
		C728A3D824596209001AEF97 /* GroupLeaderHandler.m */ = {isa = PBXFileReference; fileEncoding = 4; lastKnownFileType = sourcecode.c.objc; path = GroupLeaderHandler.m; sourceTree = "<group>"; };
		C728A3D924596209001AEF97 /* Handler.h */ = {isa = PBXFileReference; fileEncoding = 4; lastKnownFileType = sourcecode.c.h; path = Handler.h; sourceTree = "<group>"; };
		C728A3DA24596209001AEF97 /* Handler.m */ = {isa = PBXFileReference; fileEncoding = 4; lastKnownFileType = sourcecode.c.objc; path = Handler.m; sourceTree = "<group>"; };
		C728A3DB24596209001AEF97 /* Order.h */ = {isa = PBXFileReference; fileEncoding = 4; lastKnownFileType = sourcecode.c.h; path = Order.h; sourceTree = "<group>"; };
		C728A3DC24596209001AEF97 /* ChairmanHandler.m */ = {isa = PBXFileReference; fileEncoding = 4; lastKnownFileType = sourcecode.c.objc; path = ChairmanHandler.m; sourceTree = "<group>"; };
		C728A3FA24596F41001AEF97 /* BusinessObject1.m */ = {isa = PBXFileReference; fileEncoding = 4; lastKnownFileType = sourcecode.c.objc; path = BusinessObject1.m; sourceTree = "<group>"; };
		C728A3FB24596F41001AEF97 /* BusinessObject.m */ = {isa = PBXFileReference; fileEncoding = 4; lastKnownFileType = sourcecode.c.objc; path = BusinessObject.m; sourceTree = "<group>"; };
		C728A3FC24596F42001AEF97 /* BusinessObject.h */ = {isa = PBXFileReference; fileEncoding = 4; lastKnownFileType = sourcecode.c.h; path = BusinessObject.h; sourceTree = "<group>"; };
		C728A3FD24596F42001AEF97 /* BusinessObject2.h */ = {isa = PBXFileReference; fileEncoding = 4; lastKnownFileType = sourcecode.c.h; path = BusinessObject2.h; sourceTree = "<group>"; };
		C728A3FE24596F42001AEF97 /* BusinessObject3.m */ = {isa = PBXFileReference; fileEncoding = 4; lastKnownFileType = sourcecode.c.objc; path = BusinessObject3.m; sourceTree = "<group>"; };
		C728A3FF24596F42001AEF97 /* BusinessObject1.h */ = {isa = PBXFileReference; fileEncoding = 4; lastKnownFileType = sourcecode.c.h; path = BusinessObject1.h; sourceTree = "<group>"; };
		C728A40024596F42001AEF97 /* BusinessObject2.m */ = {isa = PBXFileReference; fileEncoding = 4; lastKnownFileType = sourcecode.c.objc; path = BusinessObject2.m; sourceTree = "<group>"; };
		C728A40124596F42001AEF97 /* BusinessObject3.h */ = {isa = PBXFileReference; fileEncoding = 4; lastKnownFileType = sourcecode.c.h; path = BusinessObject3.h; sourceTree = "<group>"; };
		C728A40924597ED8001AEF97 /* Remote.m */ = {isa = PBXFileReference; fileEncoding = 4; lastKnownFileType = sourcecode.c.objc; path = Remote.m; sourceTree = "<group>"; };
		C728A40A24597ED8001AEF97 /* DirectionRemote.m */ = {isa = PBXFileReference; fileEncoding = 4; lastKnownFileType = sourcecode.c.objc; path = DirectionRemote.m; sourceTree = "<group>"; };
		C728A40B24597ED8001AEF97 /* TemperatureRemote.h */ = {isa = PBXFileReference; fileEncoding = 4; lastKnownFileType = sourcecode.c.h; path = TemperatureRemote.h; sourceTree = "<group>"; };
		C728A40C24597ED8001AEF97 /* Remote.h */ = {isa = PBXFileReference; fileEncoding = 4; lastKnownFileType = sourcecode.c.h; path = Remote.h; sourceTree = "<group>"; };
		C728A40D24597ED8001AEF97 /* DirectionRemote.h */ = {isa = PBXFileReference; fileEncoding = 4; lastKnownFileType = sourcecode.c.h; path = DirectionRemote.h; sourceTree = "<group>"; };
		C728A40E24597ED8001AEF97 /* TemperatureRemote.m */ = {isa = PBXFileReference; fileEncoding = 4; lastKnownFileType = sourcecode.c.objc; path = TemperatureRemote.m; sourceTree = "<group>"; };
		C728A41024597ED8001AEF97 /* GeliAirConditioner.m */ = {isa = PBXFileReference; fileEncoding = 4; lastKnownFileType = sourcecode.c.objc; path = GeliAirConditioner.m; sourceTree = "<group>"; };
		C728A41124597ED8001AEF97 /* AirConditioner.h */ = {isa = PBXFileReference; fileEncoding = 4; lastKnownFileType = sourcecode.c.h; path = AirConditioner.h; sourceTree = "<group>"; };
		C728A41224597ED8001AEF97 /* HaierAirConditioner.h */ = {isa = PBXFileReference; fileEncoding = 4; lastKnownFileType = sourcecode.c.h; path = HaierAirConditioner.h; sourceTree = "<group>"; };
		C728A41324597ED8001AEF97 /* GeliAirConditioner.h */ = {isa = PBXFileReference; fileEncoding = 4; lastKnownFileType = sourcecode.c.h; path = GeliAirConditioner.h; sourceTree = "<group>"; };
		C728A41424597ED8001AEF97 /* AirConditioner.m */ = {isa = PBXFileReference; fileEncoding = 4; lastKnownFileType = sourcecode.c.objc; path = AirConditioner.m; sourceTree = "<group>"; };
		C728A41524597ED8001AEF97 /* HaierAirConditioner.m */ = {isa = PBXFileReference; fileEncoding = 4; lastKnownFileType = sourcecode.c.objc; path = HaierAirConditioner.m; sourceTree = "<group>"; };
/* End PBXFileReference section */

/* Begin PBXFrameworksBuildPhase section */
		C7059FA92456C36500FAB8F0 /* Frameworks */ = {
			isa = PBXFrameworksBuildPhase;
			buildActionMask = 2147483647;
			files = (
			);
			runOnlyForDeploymentPostprocessing = 0;
		};
		C7059FC42456C36600FAB8F0 /* Frameworks */ = {
			isa = PBXFrameworksBuildPhase;
			buildActionMask = 2147483647;
			files = (
			);
			runOnlyForDeploymentPostprocessing = 0;
		};
		C7059FCF2456C36600FAB8F0 /* Frameworks */ = {
			isa = PBXFrameworksBuildPhase;
			buildActionMask = 2147483647;
			files = (
			);
			runOnlyForDeploymentPostprocessing = 0;
		};
/* End PBXFrameworksBuildPhase section */

/* Begin PBXGroup section */
		C7059FA32456C36500FAB8F0 = {
			isa = PBXGroup;
			children = (
				C7059FAE2456C36500FAB8F0 /* ZLDesignPatterns-Demo */,
				C7059FCA2456C36600FAB8F0 /* ZLDesignPatterns-DemoTests */,
				C7059FD52456C36600FAB8F0 /* ZLDesignPatterns-DemoUITests */,
				C7059FAD2456C36500FAB8F0 /* Products */,
			);
			sourceTree = "<group>";
		};
		C7059FAD2456C36500FAB8F0 /* Products */ = {
			isa = PBXGroup;
			children = (
				C7059FAC2456C36500FAB8F0 /* ZLDesignPatterns-Demo.app */,
				C7059FC72456C36600FAB8F0 /* ZLDesignPatterns-DemoTests.xctest */,
				C7059FD22456C36600FAB8F0 /* ZLDesignPatterns-DemoUITests.xctest */,
			);
			name = Products;
			sourceTree = "<group>";
		};
		C7059FAE2456C36500FAB8F0 /* ZLDesignPatterns-Demo */ = {
			isa = PBXGroup;
			children = (
				C7059FEC2456C38200FAB8F0 /* 创建型模式 */,
				C7059FE42456C38200FAB8F0 /* 结构型模式 */,
				C7059FF22456C38200FAB8F0 /* 行为型模式 */,
				C7059FAF2456C36500FAB8F0 /* AppDelegate.h */,
				C7059FB02456C36500FAB8F0 /* AppDelegate.m */,
				C7059FB22456C36500FAB8F0 /* SceneDelegate.h */,
				C7059FB32456C36500FAB8F0 /* SceneDelegate.m */,
				C7059FB52456C36500FAB8F0 /* ViewController.h */,
				C7059FB62456C36500FAB8F0 /* ViewController.m */,
				C7059FB82456C36500FAB8F0 /* Main.storyboard */,
				C7059FBB2456C36600FAB8F0 /* Assets.xcassets */,
				C7059FBD2456C36600FAB8F0 /* LaunchScreen.storyboard */,
				C7059FC02456C36600FAB8F0 /* Info.plist */,
				C7059FC12456C36600FAB8F0 /* main.m */,
			);
			path = "ZLDesignPatterns-Demo";
			sourceTree = "<group>";
		};
		C7059FCA2456C36600FAB8F0 /* ZLDesignPatterns-DemoTests */ = {
			isa = PBXGroup;
			children = (
				C7059FCB2456C36600FAB8F0 /* ZLDesignPatterns_DemoTests.m */,
				C7059FCD2456C36600FAB8F0 /* Info.plist */,
			);
			path = "ZLDesignPatterns-DemoTests";
			sourceTree = "<group>";
		};
		C7059FD52456C36600FAB8F0 /* ZLDesignPatterns-DemoUITests */ = {
			isa = PBXGroup;
			children = (
				C7059FD62456C36600FAB8F0 /* ZLDesignPatterns_DemoUITests.m */,
				C7059FD82456C36600FAB8F0 /* Info.plist */,
			);
			path = "ZLDesignPatterns-DemoUITests";
			sourceTree = "<group>";
		};
		C7059FE42456C38200FAB8F0 /* 结构型模式 */ = {
			isa = PBXGroup;
			children = (
				C7059FE52456C38200FAB8F0 /* 装饰器模式 */,
				C7059FE62456C38200FAB8F0 /* 适配器模式 */,
				C7059FE72456C38200FAB8F0 /* 组合模式 */,
				C7059FE82456C38200FAB8F0 /* 代理模式 */,
				C7059FE92456C38200FAB8F0 /* 外观模式 */,
				C7059FEA2456C38200FAB8F0 /* 桥接模式 */,
				C7059FEB2456C38200FAB8F0 /* 享元模式 */,
			);
			path = "结构型模式";
			sourceTree = "<group>";
		};
		C7059FE52456C38200FAB8F0 /* 装饰器模式 */ = {
			isa = PBXGroup;
			children = (
				C705A0102456CC2700FAB8F0 /* DecoratorPatternViewController.h */,
				C705A0112456CC2700FAB8F0 /* DecoratorPatternViewController.m */,
			);
			path = "装饰器模式";
			sourceTree = "<group>";
		};
		C7059FE62456C38200FAB8F0 /* 适配器模式 */ = {
			isa = PBXGroup;
			children = (
				C705A00D2456CC1B00FAB8F0 /* AdapterViewController.h */,
				C705A00E2456CC1B00FAB8F0 /* AdapterViewController.m */,
			);
			path = "适配器模式";
			sourceTree = "<group>";
		};
		C7059FE72456C38200FAB8F0 /* 组合模式 */ = {
			isa = PBXGroup;
			children = (
				C705A01C2456CC5400FAB8F0 /* CompositePatternViewController.h */,
				C705A01D2456CC5400FAB8F0 /* CompositePatternViewController.m */,
			);
			path = "组合模式";
			sourceTree = "<group>";
		};
		C7059FE82456C38200FAB8F0 /* 代理模式 */ = {
			isa = PBXGroup;
			children = (
				C705A0132456CC3400FAB8F0 /* DelegatePatternViewController.h */,
				C705A0142456CC3400FAB8F0 /* DelegatePatternViewController.m */,
			);
			path = "代理模式";
			sourceTree = "<group>";
		};
		C7059FE92456C38200FAB8F0 /* 外观模式 */ = {
			isa = PBXGroup;
			children = (
				C705A0162456CC3F00FAB8F0 /* FacadePatternViewController.h */,
				C705A0172456CC3F00FAB8F0 /* FacadePatternViewController.m */,
			);
			path = "外观模式";
			sourceTree = "<group>";
		};
		C7059FEA2456C38200FAB8F0 /* 桥接模式 */ = {
			isa = PBXGroup;
			children = (
				C705A0192456CC4900FAB8F0 /* BridgePatternViewController.h */,
				C705A01A2456CC4900FAB8F0 /* BridgePatternViewController.m */,
				C728A40F24597ED8001AEF97 /* 空调 */,
				C728A40824597ED8001AEF97 /* 遥控器 */,
			);
			path = "桥接模式";
			sourceTree = "<group>";
		};
		C7059FEB2456C38200FAB8F0 /* 享元模式 */ = {
			isa = PBXGroup;
			children = (
				C705A01F2456CC6000FAB8F0 /* FlyweightPatternViewController.h */,
				C705A0202456CC6000FAB8F0 /* FlyweightPatternViewController.m */,
			);
			path = "享元模式";
			sourceTree = "<group>";
		};
		C7059FEC2456C38200FAB8F0 /* 创建型模式 */ = {
			isa = PBXGroup;
			children = (
				C7059FED2456C38200FAB8F0 /* 工厂方法模式 */,
				C7059FEE2456C38200FAB8F0 /* 单例模式 */,
				C7059FEF2456C38200FAB8F0 /* 原型模式 */,
				C7059FF02456C38200FAB8F0 /* 构建者模式 */,
				C7059FF12456C38200FAB8F0 /* 抽象工厂模式 */,
			);
			path = "创建型模式";
			sourceTree = "<group>";
		};
		C7059FED2456C38200FAB8F0 /* 工厂方法模式 */ = {
			isa = PBXGroup;
			children = (
				C7059FFE2456CB1C00FAB8F0 /* FactoryPatternViewController.h */,
				C7059FFF2456CB1C00FAB8F0 /* FactoryPatternViewController.m */,
			);
			path = "工厂方法模式";
			sourceTree = "<group>";
		};
		C7059FEE2456C38200FAB8F0 /* 单例模式 */ = {
			isa = PBXGroup;
			children = (
				C705A0042456CBF300FAB8F0 /* SingletonPatternViewController.h */,
				C705A0052456CBF300FAB8F0 /* SingletonPatternViewController.m */,
			);
			path = "单例模式";
			sourceTree = "<group>";
		};
		C7059FEF2456C38200FAB8F0 /* 原型模式 */ = {
			isa = PBXGroup;
			children = (
				C705A00A2456CC0B00FAB8F0 /* PrototypePatternViewController.h */,
				C705A00B2456CC0B00FAB8F0 /* PrototypePatternViewController.m */,
			);
			path = "原型模式";
			sourceTree = "<group>";
		};
		C7059FF02456C38200FAB8F0 /* 构建者模式 */ = {
			isa = PBXGroup;
			children = (
				C705A0072456CC0000FAB8F0 /* BuilderViewController.h */,
				C705A0082456CC0000FAB8F0 /* BuilderViewController.m */,
			);
			path = "构建者模式";
			sourceTree = "<group>";
		};
		C7059FF12456C38200FAB8F0 /* 抽象工厂模式 */ = {
			isa = PBXGroup;
			children = (
				C705A0012456CBE000FAB8F0 /* AbstractFactoryPatternViewController.h */,
				C705A0022456CBE000FAB8F0 /* AbstractFactoryPatternViewController.m */,
			);
			path = "抽象工厂模式";
			sourceTree = "<group>";
		};
		C7059FF22456C38200FAB8F0 /* 行为型模式 */ = {
			isa = PBXGroup;
			children = (
				C7059FF32456C38200FAB8F0 /* 策略模式 */,
				C7059FF42456C38200FAB8F0 /* 访问者模式 */,
				C7059FF52456C38200FAB8F0 /* 命令模式 */,
				C7059FF62456C38200FAB8F0 /* 中介者模式 */,
				C7059FF72456C38200FAB8F0 /* 责任链模式 */,
				C7059FF82456C38200FAB8F0 /* 状态模式 */,
				C7059FF92456C38200FAB8F0 /* 备忘录模式 */,
				C7059FFA2456C38200FAB8F0 /* 迭代器模式 */,
				C7059FFB2456C38200FAB8F0 /* 模版方法模式 */,
				C7059FFC2456C38200FAB8F0 /* 解释器模式 */,
				C7059FFD2456C38200FAB8F0 /* 观察者模式 */,
			);
			path = "行为型模式";
			sourceTree = "<group>";
		};
		C7059FF32456C38200FAB8F0 /* 策略模式 */ = {
			isa = PBXGroup;
			children = (
				C705A0222456CC6C00FAB8F0 /* StrategyPatternViewController.h */,
				C705A0232456CC6C00FAB8F0 /* StrategyPatternViewController.m */,
			);
			path = "策略模式";
			sourceTree = "<group>";
		};
		C7059FF42456C38200FAB8F0 /* 访问者模式 */ = {
			isa = PBXGroup;
			children = (
				C705A03D2456CCE100FAB8F0 /* VisitorPatternViewController.h */,
				C705A03E2456CCE100FAB8F0 /* VisitorPatternViewController.m */,
			);
			path = "访问者模式";
			sourceTree = "<group>";
		};
		C7059FF52456C38200FAB8F0 /* 命令模式 */ = {
			isa = PBXGroup;
			children = (
				C705A0342456CCBB00FAB8F0 /* CommandPatternViewController.h */,
				C705A0352456CCBB00FAB8F0 /* CommandPatternViewController.m */,
			);
			path = "命令模式";
			sourceTree = "<group>";
		};
		C7059FF62456C38200FAB8F0 /* 中介者模式 */ = {
			isa = PBXGroup;
			children = (
				C705A02B2456CC9700FAB8F0 /* MediatorPatternViewController.h */,
				C705A02C2456CC9700FAB8F0 /* MediatorPatternViewController.m */,
			);
			path = "中介者模式";
			sourceTree = "<group>";
		};
		C7059FF72456C38200FAB8F0 /* 责任链模式 */ = {
			isa = PBXGroup;
			children = (
				C728A40624596F49001AEF97 /* one */,
				C728A40724596F53001AEF97 /* two */,
				C705A0312456CCAF00FAB8F0 /* ChainOfResponsibilityPatternViewController.h */,
				C705A0322456CCAF00FAB8F0 /* ChainOfResponsibilityPatternViewController.m */,
			);
			path = "责任链模式";
			sourceTree = "<group>";
		};
		C7059FF82456C38200FAB8F0 /* 状态模式 */ = {
			isa = PBXGroup;
			children = (
				C705A03A2456CCD300FAB8F0 /* StatePatternViewController.h */,
				C705A03B2456CCD300FAB8F0 /* StatePatternViewController.m */,
			);
			path = "状态模式";
			sourceTree = "<group>";
		};
		C7059FF92456C38200FAB8F0 /* 备忘录模式 */ = {
			isa = PBXGroup;
			children = (
				C705A0372456CCC800FAB8F0 /* MementoPatternViewController.h */,
				C705A0382456CCC800FAB8F0 /* MementoPatternViewController.m */,
			);
			path = "备忘录模式";
			sourceTree = "<group>";
		};
		C7059FFA2456C38200FAB8F0 /* 迭代器模式 */ = {
			isa = PBXGroup;
			children = (
				C705A02E2456CCA400FAB8F0 /* IteratorPatternViewController.h */,
				C705A02F2456CCA400FAB8F0 /* IteratorPatternViewController.m */,
			);
			path = "迭代器模式";
			sourceTree = "<group>";
		};
		C7059FFB2456C38200FAB8F0 /* 模版方法模式 */ = {
			isa = PBXGroup;
			children = (
				C705A0252456CC7B00FAB8F0 /* TemplatePatternViewController.h */,
				C705A0262456CC7B00FAB8F0 /* TemplatePatternViewController.m */,
			);
			path = "模版方法模式";
			sourceTree = "<group>";
		};
		C7059FFC2456C38200FAB8F0 /* 解释器模式 */ = {
			isa = PBXGroup;
			children = (
				C705A0402456CCEC00FAB8F0 /* InterpreterPatternViewController.h */,
				C705A0412456CCEC00FAB8F0 /* InterpreterPatternViewController.m */,
			);
			path = "解释器模式";
			sourceTree = "<group>";
		};
		C7059FFD2456C38200FAB8F0 /* 观察者模式 */ = {
			isa = PBXGroup;
			children = (
				C705A0282456CC8B00FAB8F0 /* ObserverPatternViewController.h */,
				C705A0292456CC8B00FAB8F0 /* ObserverPatternViewController.m */,
			);
			path = "观察者模式";
			sourceTree = "<group>";
		};
		C728A40624596F49001AEF97 /* one */ = {
			isa = PBXGroup;
			children = (
				C728A3FC24596F42001AEF97 /* BusinessObject.h */,
				C728A3FB24596F41001AEF97 /* BusinessObject.m */,
				C728A3FF24596F42001AEF97 /* BusinessObject1.h */,
				C728A3FA24596F41001AEF97 /* BusinessObject1.m */,
				C728A3FD24596F42001AEF97 /* BusinessObject2.h */,
				C728A40024596F42001AEF97 /* BusinessObject2.m */,
				C728A40124596F42001AEF97 /* BusinessObject3.h */,
				C728A3FE24596F42001AEF97 /* BusinessObject3.m */,
			);
			path = one;
			sourceTree = "<group>";
		};
		C728A40724596F53001AEF97 /* two */ = {
			isa = PBXGroup;
			children = (
				C728A3DB24596209001AEF97 /* Order.h */,
				C728A3D424596208001AEF97 /* Order.m */,
				C728A3D924596209001AEF97 /* Handler.h */,
				C728A3DA24596209001AEF97 /* Handler.m */,
				C728A3D324596208001AEF97 /* GroupLeaderHandler.h */,
				C728A3D824596209001AEF97 /* GroupLeaderHandler.m */,
				C728A3D624596208001AEF97 /* ManagerHandler.h */,
				C728A3D524596208001AEF97 /* ManagerHandler.m */,
				C728A3D724596208001AEF97 /* ChairmanHandler.h */,
				C728A3DC24596209001AEF97 /* ChairmanHandler.m */,
			);
			path = two;
			sourceTree = "<group>";
		};
		C728A40824597ED8001AEF97 /* 遥控器 */ = {
			isa = PBXGroup;
			children = (
				C728A40C24597ED8001AEF97 /* Remote.h */,
				C728A40924597ED8001AEF97 /* Remote.m */,
				C728A40D24597ED8001AEF97 /* DirectionRemote.h */,
				C728A40A24597ED8001AEF97 /* DirectionRemote.m */,
				C728A40B24597ED8001AEF97 /* TemperatureRemote.h */,
				C728A40E24597ED8001AEF97 /* TemperatureRemote.m */,
			);
			path = "遥控器";
			sourceTree = "<group>";
		};
		C728A40F24597ED8001AEF97 /* 空调 */ = {
			isa = PBXGroup;
			children = (
				C728A41124597ED8001AEF97 /* AirConditioner.h */,
				C728A41424597ED8001AEF97 /* AirConditioner.m */,
				C728A41324597ED8001AEF97 /* GeliAirConditioner.h */,
				C728A41024597ED8001AEF97 /* GeliAirConditioner.m */,
				C728A41224597ED8001AEF97 /* HaierAirConditioner.h */,
				C728A41524597ED8001AEF97 /* HaierAirConditioner.m */,
			);
			path = "空调";
			sourceTree = "<group>";
		};
/* End PBXGroup section */

/* Begin PBXNativeTarget section */
		C7059FAB2456C36500FAB8F0 /* ZLDesignPatterns-Demo */ = {
			isa = PBXNativeTarget;
			buildConfigurationList = C7059FDB2456C36600FAB8F0 /* Build configuration list for PBXNativeTarget "ZLDesignPatterns-Demo" */;
			buildPhases = (
				C7059FA82456C36500FAB8F0 /* Sources */,
				C7059FA92456C36500FAB8F0 /* Frameworks */,
				C7059FAA2456C36500FAB8F0 /* Resources */,
			);
			buildRules = (
			);
			dependencies = (
			);
			name = "ZLDesignPatterns-Demo";
			productName = "ZLDesignPatterns-Demo";
			productReference = C7059FAC2456C36500FAB8F0 /* ZLDesignPatterns-Demo.app */;
			productType = "com.apple.product-type.application";
		};
		C7059FC62456C36600FAB8F0 /* ZLDesignPatterns-DemoTests */ = {
			isa = PBXNativeTarget;
			buildConfigurationList = C7059FDE2456C36600FAB8F0 /* Build configuration list for PBXNativeTarget "ZLDesignPatterns-DemoTests" */;
			buildPhases = (
				C7059FC32456C36600FAB8F0 /* Sources */,
				C7059FC42456C36600FAB8F0 /* Frameworks */,
				C7059FC52456C36600FAB8F0 /* Resources */,
			);
			buildRules = (
			);
			dependencies = (
				C7059FC92456C36600FAB8F0 /* PBXTargetDependency */,
			);
			name = "ZLDesignPatterns-DemoTests";
			productName = "ZLDesignPatterns-DemoTests";
			productReference = C7059FC72456C36600FAB8F0 /* ZLDesignPatterns-DemoTests.xctest */;
			productType = "com.apple.product-type.bundle.unit-test";
		};
		C7059FD12456C36600FAB8F0 /* ZLDesignPatterns-DemoUITests */ = {
			isa = PBXNativeTarget;
			buildConfigurationList = C7059FE12456C36600FAB8F0 /* Build configuration list for PBXNativeTarget "ZLDesignPatterns-DemoUITests" */;
			buildPhases = (
				C7059FCE2456C36600FAB8F0 /* Sources */,
				C7059FCF2456C36600FAB8F0 /* Frameworks */,
				C7059FD02456C36600FAB8F0 /* Resources */,
			);
			buildRules = (
			);
			dependencies = (
				C7059FD42456C36600FAB8F0 /* PBXTargetDependency */,
			);
			name = "ZLDesignPatterns-DemoUITests";
			productName = "ZLDesignPatterns-DemoUITests";
			productReference = C7059FD22456C36600FAB8F0 /* ZLDesignPatterns-DemoUITests.xctest */;
			productType = "com.apple.product-type.bundle.ui-testing";
		};
/* End PBXNativeTarget section */

/* Begin PBXProject section */
		C7059FA42456C36500FAB8F0 /* Project object */ = {
			isa = PBXProject;
			attributes = {
				LastUpgradeCheck = 1120;
				ORGANIZATIONNAME = wangzelong;
				TargetAttributes = {
					C7059FAB2456C36500FAB8F0 = {
						CreatedOnToolsVersion = 11.2;
					};
					C7059FC62456C36600FAB8F0 = {
						CreatedOnToolsVersion = 11.2;
						TestTargetID = C7059FAB2456C36500FAB8F0;
					};
					C7059FD12456C36600FAB8F0 = {
						CreatedOnToolsVersion = 11.2;
						TestTargetID = C7059FAB2456C36500FAB8F0;
					};
				};
			};
			buildConfigurationList = C7059FA72456C36500FAB8F0 /* Build configuration list for PBXProject "ZLDesignPatterns-Demo" */;
			compatibilityVersion = "Xcode 9.3";
			developmentRegion = en;
			hasScannedForEncodings = 0;
			knownRegions = (
				en,
				Base,
			);
			mainGroup = C7059FA32456C36500FAB8F0;
			productRefGroup = C7059FAD2456C36500FAB8F0 /* Products */;
			projectDirPath = "";
			projectRoot = "";
			targets = (
				C7059FAB2456C36500FAB8F0 /* ZLDesignPatterns-Demo */,
				C7059FC62456C36600FAB8F0 /* ZLDesignPatterns-DemoTests */,
				C7059FD12456C36600FAB8F0 /* ZLDesignPatterns-DemoUITests */,
			);
		};
/* End PBXProject section */

/* Begin PBXResourcesBuildPhase section */
		C7059FAA2456C36500FAB8F0 /* Resources */ = {
			isa = PBXResourcesBuildPhase;
			buildActionMask = 2147483647;
			files = (
				C7059FBF2456C36600FAB8F0 /* LaunchScreen.storyboard in Resources */,
				C7059FBC2456C36600FAB8F0 /* Assets.xcassets in Resources */,
				C7059FBA2456C36500FAB8F0 /* Main.storyboard in Resources */,
			);
			runOnlyForDeploymentPostprocessing = 0;
		};
		C7059FC52456C36600FAB8F0 /* Resources */ = {
			isa = PBXResourcesBuildPhase;
			buildActionMask = 2147483647;
			files = (
			);
			runOnlyForDeploymentPostprocessing = 0;
		};
		C7059FD02456C36600FAB8F0 /* Resources */ = {
			isa = PBXResourcesBuildPhase;
			buildActionMask = 2147483647;
			files = (
			);
			runOnlyForDeploymentPostprocessing = 0;
		};
/* End PBXResourcesBuildPhase section */

/* Begin PBXSourcesBuildPhase section */
		C7059FA82456C36500FAB8F0 /* Sources */ = {
			isa = PBXSourcesBuildPhase;
			buildActionMask = 2147483647;
			files = (
				C705A0122456CC2700FAB8F0 /* DecoratorPatternViewController.m in Sources */,
				C705A0092456CC0000FAB8F0 /* BuilderViewController.m in Sources */,
				C728A3E024596209001AEF97 /* Handler.m in Sources */,
				C705A0152456CC3400FAB8F0 /* DelegatePatternViewController.m in Sources */,
				C7059FB72456C36500FAB8F0 /* ViewController.m in Sources */,
				C705A00F2456CC1B00FAB8F0 /* AdapterViewController.m in Sources */,
				C728A41A24597ED8001AEF97 /* AirConditioner.m in Sources */,
				C705A0302456CCA400FAB8F0 /* IteratorPatternViewController.m in Sources */,
				C705A0272456CC7B00FAB8F0 /* TemplatePatternViewController.m in Sources */,
				C705A0182456CC3F00FAB8F0 /* FacadePatternViewController.m in Sources */,
				C728A41724597ED8001AEF97 /* DirectionRemote.m in Sources */,
				C728A3DE24596209001AEF97 /* ManagerHandler.m in Sources */,
				C728A40424596F42001AEF97 /* BusinessObject3.m in Sources */,
				C728A41824597ED8001AEF97 /* TemperatureRemote.m in Sources */,
				C705A0242456CC6C00FAB8F0 /* StrategyPatternViewController.m in Sources */,
				C705A0212456CC6000FAB8F0 /* FlyweightPatternViewController.m in Sources */,
				C705A0332456CCAF00FAB8F0 /* ChainOfResponsibilityPatternViewController.m in Sources */,
				C705A0392456CCC800FAB8F0 /* MementoPatternViewController.m in Sources */,
				C705A0002456CB1C00FAB8F0 /* FactoryPatternViewController.m in Sources */,
				C705A01E2456CC5400FAB8F0 /* CompositePatternViewController.m in Sources */,
				C705A0032456CBE000FAB8F0 /* AbstractFactoryPatternViewController.m in Sources */,
				C705A00C2456CC0B00FAB8F0 /* PrototypePatternViewController.m in Sources */,
				C7059FB12456C36500FAB8F0 /* AppDelegate.m in Sources */,
				C728A3DD24596209001AEF97 /* Order.m in Sources */,
				C7059FC22456C36600FAB8F0 /* main.m in Sources */,
				C7059FB42456C36500FAB8F0 /* SceneDelegate.m in Sources */,
				C728A40324596F42001AEF97 /* BusinessObject.m in Sources */,
				C728A41924597ED8001AEF97 /* GeliAirConditioner.m in Sources */,
				C705A0362456CCBB00FAB8F0 /* CommandPatternViewController.m in Sources */,
				C728A41B24597ED8001AEF97 /* HaierAirConditioner.m in Sources */,
				C705A03C2456CCD300FAB8F0 /* StatePatternViewController.m in Sources */,
				C728A41624597ED8001AEF97 /* Remote.m in Sources */,
				C705A02D2456CC9700FAB8F0 /* MediatorPatternViewController.m in Sources */,
				C705A0422456CCEC00FAB8F0 /* InterpreterPatternViewController.m in Sources */,
				C705A03F2456CCE100FAB8F0 /* VisitorPatternViewController.m in Sources */,
				C728A40524596F42001AEF97 /* BusinessObject2.m in Sources */,
				C728A3E124596209001AEF97 /* ChairmanHandler.m in Sources */,
				C705A02A2456CC8B00FAB8F0 /* ObserverPatternViewController.m in Sources */,
				C728A40224596F42001AEF97 /* BusinessObject1.m in Sources */,
				C705A01B2456CC4900FAB8F0 /* BridgePatternViewController.m in Sources */,
				C728A3DF24596209001AEF97 /* GroupLeaderHandler.m in Sources */,
				C705A0062456CBF300FAB8F0 /* SingletonPatternViewController.m in Sources */,
			);
			runOnlyForDeploymentPostprocessing = 0;
		};
		C7059FC32456C36600FAB8F0 /* Sources */ = {
			isa = PBXSourcesBuildPhase;
			buildActionMask = 2147483647;
			files = (
				C7059FCC2456C36600FAB8F0 /* ZLDesignPatterns_DemoTests.m in Sources */,
			);
			runOnlyForDeploymentPostprocessing = 0;
		};
		C7059FCE2456C36600FAB8F0 /* Sources */ = {
			isa = PBXSourcesBuildPhase;
			buildActionMask = 2147483647;
			files = (
				C7059FD72456C36600FAB8F0 /* ZLDesignPatterns_DemoUITests.m in Sources */,
			);
			runOnlyForDeploymentPostprocessing = 0;
		};
/* End PBXSourcesBuildPhase section */

/* Begin PBXTargetDependency section */
		C7059FC92456C36600FAB8F0 /* PBXTargetDependency */ = {
			isa = PBXTargetDependency;
			target = C7059FAB2456C36500FAB8F0 /* ZLDesignPatterns-Demo */;
			targetProxy = C7059FC82456C36600FAB8F0 /* PBXContainerItemProxy */;
		};
		C7059FD42456C36600FAB8F0 /* PBXTargetDependency */ = {
			isa = PBXTargetDependency;
			target = C7059FAB2456C36500FAB8F0 /* ZLDesignPatterns-Demo */;
			targetProxy = C7059FD32456C36600FAB8F0 /* PBXContainerItemProxy */;
		};
/* End PBXTargetDependency section */

/* Begin PBXVariantGroup section */
		C7059FB82456C36500FAB8F0 /* Main.storyboard */ = {
			isa = PBXVariantGroup;
			children = (
				C7059FB92456C36500FAB8F0 /* Base */,
			);
			name = Main.storyboard;
			sourceTree = "<group>";
		};
		C7059FBD2456C36600FAB8F0 /* LaunchScreen.storyboard */ = {
			isa = PBXVariantGroup;
			children = (
				C7059FBE2456C36600FAB8F0 /* Base */,
			);
			name = LaunchScreen.storyboard;
			sourceTree = "<group>";
		};
/* End PBXVariantGroup section */

/* Begin XCBuildConfiguration section */
		C7059FD92456C36600FAB8F0 /* Debug */ = {
			isa = XCBuildConfiguration;
			buildSettings = {
				ALWAYS_SEARCH_USER_PATHS = NO;
				CLANG_ANALYZER_NONNULL = YES;
				CLANG_ANALYZER_NUMBER_OBJECT_CONVERSION = YES_AGGRESSIVE;
				CLANG_CXX_LANGUAGE_STANDARD = "gnu++14";
				CLANG_CXX_LIBRARY = "libc++";
				CLANG_ENABLE_MODULES = YES;
				CLANG_ENABLE_OBJC_ARC = YES;
				CLANG_ENABLE_OBJC_WEAK = YES;
				CLANG_WARN_BLOCK_CAPTURE_AUTORELEASING = YES;
				CLANG_WARN_BOOL_CONVERSION = YES;
				CLANG_WARN_COMMA = YES;
				CLANG_WARN_CONSTANT_CONVERSION = YES;
				CLANG_WARN_DEPRECATED_OBJC_IMPLEMENTATIONS = YES;
				CLANG_WARN_DIRECT_OBJC_ISA_USAGE = YES_ERROR;
				CLANG_WARN_DOCUMENTATION_COMMENTS = YES;
				CLANG_WARN_EMPTY_BODY = YES;
				CLANG_WARN_ENUM_CONVERSION = YES;
				CLANG_WARN_INFINITE_RECURSION = YES;
				CLANG_WARN_INT_CONVERSION = YES;
				CLANG_WARN_NON_LITERAL_NULL_CONVERSION = YES;
				CLANG_WARN_OBJC_IMPLICIT_RETAIN_SELF = YES;
				CLANG_WARN_OBJC_LITERAL_CONVERSION = YES;
				CLANG_WARN_OBJC_ROOT_CLASS = YES_ERROR;
				CLANG_WARN_RANGE_LOOP_ANALYSIS = YES;
				CLANG_WARN_STRICT_PROTOTYPES = YES;
				CLANG_WARN_SUSPICIOUS_MOVE = YES;
				CLANG_WARN_UNGUARDED_AVAILABILITY = YES_AGGRESSIVE;
				CLANG_WARN_UNREACHABLE_CODE = YES;
				CLANG_WARN__DUPLICATE_METHOD_MATCH = YES;
				COPY_PHASE_STRIP = NO;
				DEBUG_INFORMATION_FORMAT = dwarf;
				ENABLE_STRICT_OBJC_MSGSEND = YES;
				ENABLE_TESTABILITY = YES;
				GCC_C_LANGUAGE_STANDARD = gnu11;
				GCC_DYNAMIC_NO_PIC = NO;
				GCC_NO_COMMON_BLOCKS = YES;
				GCC_OPTIMIZATION_LEVEL = 0;
				GCC_PREPROCESSOR_DEFINITIONS = (
					"DEBUG=1",
					"$(inherited)",
				);
				GCC_WARN_64_TO_32_BIT_CONVERSION = YES;
				GCC_WARN_ABOUT_RETURN_TYPE = YES_ERROR;
				GCC_WARN_UNDECLARED_SELECTOR = YES;
				GCC_WARN_UNINITIALIZED_AUTOS = YES_AGGRESSIVE;
				GCC_WARN_UNUSED_FUNCTION = YES;
				GCC_WARN_UNUSED_VARIABLE = YES;
				IPHONEOS_DEPLOYMENT_TARGET = 13.2;
				MTL_ENABLE_DEBUG_INFO = INCLUDE_SOURCE;
				MTL_FAST_MATH = YES;
				ONLY_ACTIVE_ARCH = YES;
				SDKROOT = iphoneos;
			};
			name = Debug;
		};
		C7059FDA2456C36600FAB8F0 /* Release */ = {
			isa = XCBuildConfiguration;
			buildSettings = {
				ALWAYS_SEARCH_USER_PATHS = NO;
				CLANG_ANALYZER_NONNULL = YES;
				CLANG_ANALYZER_NUMBER_OBJECT_CONVERSION = YES_AGGRESSIVE;
				CLANG_CXX_LANGUAGE_STANDARD = "gnu++14";
				CLANG_CXX_LIBRARY = "libc++";
				CLANG_ENABLE_MODULES = YES;
				CLANG_ENABLE_OBJC_ARC = YES;
				CLANG_ENABLE_OBJC_WEAK = YES;
				CLANG_WARN_BLOCK_CAPTURE_AUTORELEASING = YES;
				CLANG_WARN_BOOL_CONVERSION = YES;
				CLANG_WARN_COMMA = YES;
				CLANG_WARN_CONSTANT_CONVERSION = YES;
				CLANG_WARN_DEPRECATED_OBJC_IMPLEMENTATIONS = YES;
				CLANG_WARN_DIRECT_OBJC_ISA_USAGE = YES_ERROR;
				CLANG_WARN_DOCUMENTATION_COMMENTS = YES;
				CLANG_WARN_EMPTY_BODY = YES;
				CLANG_WARN_ENUM_CONVERSION = YES;
				CLANG_WARN_INFINITE_RECURSION = YES;
				CLANG_WARN_INT_CONVERSION = YES;
				CLANG_WARN_NON_LITERAL_NULL_CONVERSION = YES;
				CLANG_WARN_OBJC_IMPLICIT_RETAIN_SELF = YES;
				CLANG_WARN_OBJC_LITERAL_CONVERSION = YES;
				CLANG_WARN_OBJC_ROOT_CLASS = YES_ERROR;
				CLANG_WARN_RANGE_LOOP_ANALYSIS = YES;
				CLANG_WARN_STRICT_PROTOTYPES = YES;
				CLANG_WARN_SUSPICIOUS_MOVE = YES;
				CLANG_WARN_UNGUARDED_AVAILABILITY = YES_AGGRESSIVE;
				CLANG_WARN_UNREACHABLE_CODE = YES;
				CLANG_WARN__DUPLICATE_METHOD_MATCH = YES;
				COPY_PHASE_STRIP = NO;
				DEBUG_INFORMATION_FORMAT = "dwarf-with-dsym";
				ENABLE_NS_ASSERTIONS = NO;
				ENABLE_STRICT_OBJC_MSGSEND = YES;
				GCC_C_LANGUAGE_STANDARD = gnu11;
				GCC_NO_COMMON_BLOCKS = YES;
				GCC_WARN_64_TO_32_BIT_CONVERSION = YES;
				GCC_WARN_ABOUT_RETURN_TYPE = YES_ERROR;
				GCC_WARN_UNDECLARED_SELECTOR = YES;
				GCC_WARN_UNINITIALIZED_AUTOS = YES_AGGRESSIVE;
				GCC_WARN_UNUSED_FUNCTION = YES;
				GCC_WARN_UNUSED_VARIABLE = YES;
				IPHONEOS_DEPLOYMENT_TARGET = 13.2;
				MTL_ENABLE_DEBUG_INFO = NO;
				MTL_FAST_MATH = YES;
				SDKROOT = iphoneos;
				VALIDATE_PRODUCT = YES;
			};
			name = Release;
		};
		C7059FDC2456C36600FAB8F0 /* Debug */ = {
			isa = XCBuildConfiguration;
			buildSettings = {
				ASSETCATALOG_COMPILER_APPICON_NAME = AppIcon;
				CODE_SIGN_STYLE = Automatic;
				INFOPLIST_FILE = "ZLDesignPatterns-Demo/Info.plist";
				LD_RUNPATH_SEARCH_PATHS = (
					"$(inherited)",
					"@executable_path/Frameworks",
				);
				PRODUCT_BUNDLE_IDENTIFIER = "wangzelong.ZLDesignPatterns-Demo";
				PRODUCT_NAME = "$(TARGET_NAME)";
				TARGETED_DEVICE_FAMILY = "1,2";
			};
			name = Debug;
		};
		C7059FDD2456C36600FAB8F0 /* Release */ = {
			isa = XCBuildConfiguration;
			buildSettings = {
				ASSETCATALOG_COMPILER_APPICON_NAME = AppIcon;
				CODE_SIGN_STYLE = Automatic;
				INFOPLIST_FILE = "ZLDesignPatterns-Demo/Info.plist";
				LD_RUNPATH_SEARCH_PATHS = (
					"$(inherited)",
					"@executable_path/Frameworks",
				);
				PRODUCT_BUNDLE_IDENTIFIER = "wangzelong.ZLDesignPatterns-Demo";
				PRODUCT_NAME = "$(TARGET_NAME)";
				TARGETED_DEVICE_FAMILY = "1,2";
			};
			name = Release;
		};
		C7059FDF2456C36600FAB8F0 /* Debug */ = {
			isa = XCBuildConfiguration;
			buildSettings = {
				BUNDLE_LOADER = "$(TEST_HOST)";
				CODE_SIGN_STYLE = Automatic;
				INFOPLIST_FILE = "ZLDesignPatterns-DemoTests/Info.plist";
				IPHONEOS_DEPLOYMENT_TARGET = 13.2;
				LD_RUNPATH_SEARCH_PATHS = (
					"$(inherited)",
					"@executable_path/Frameworks",
					"@loader_path/Frameworks",
				);
				PRODUCT_BUNDLE_IDENTIFIER = "wangzelong.ZLDesignPatterns-DemoTests";
				PRODUCT_NAME = "$(TARGET_NAME)";
				TARGETED_DEVICE_FAMILY = "1,2";
				TEST_HOST = "$(BUILT_PRODUCTS_DIR)/ZLDesignPatterns-Demo.app/ZLDesignPatterns-Demo";
			};
			name = Debug;
		};
		C7059FE02456C36600FAB8F0 /* Release */ = {
			isa = XCBuildConfiguration;
			buildSettings = {
				BUNDLE_LOADER = "$(TEST_HOST)";
				CODE_SIGN_STYLE = Automatic;
				INFOPLIST_FILE = "ZLDesignPatterns-DemoTests/Info.plist";
				IPHONEOS_DEPLOYMENT_TARGET = 13.2;
				LD_RUNPATH_SEARCH_PATHS = (
					"$(inherited)",
					"@executable_path/Frameworks",
					"@loader_path/Frameworks",
				);
				PRODUCT_BUNDLE_IDENTIFIER = "wangzelong.ZLDesignPatterns-DemoTests";
				PRODUCT_NAME = "$(TARGET_NAME)";
				TARGETED_DEVICE_FAMILY = "1,2";
				TEST_HOST = "$(BUILT_PRODUCTS_DIR)/ZLDesignPatterns-Demo.app/ZLDesignPatterns-Demo";
			};
			name = Release;
		};
		C7059FE22456C36600FAB8F0 /* Debug */ = {
			isa = XCBuildConfiguration;
			buildSettings = {
				CODE_SIGN_STYLE = Automatic;
				INFOPLIST_FILE = "ZLDesignPatterns-DemoUITests/Info.plist";
				LD_RUNPATH_SEARCH_PATHS = (
					"$(inherited)",
					"@executable_path/Frameworks",
					"@loader_path/Frameworks",
				);
				PRODUCT_BUNDLE_IDENTIFIER = "wangzelong.ZLDesignPatterns-DemoUITests";
				PRODUCT_NAME = "$(TARGET_NAME)";
				TARGETED_DEVICE_FAMILY = "1,2";
				TEST_TARGET_NAME = "ZLDesignPatterns-Demo";
			};
			name = Debug;
		};
		C7059FE32456C36600FAB8F0 /* Release */ = {
			isa = XCBuildConfiguration;
			buildSettings = {
				CODE_SIGN_STYLE = Automatic;
				INFOPLIST_FILE = "ZLDesignPatterns-DemoUITests/Info.plist";
				LD_RUNPATH_SEARCH_PATHS = (
					"$(inherited)",
					"@executable_path/Frameworks",
					"@loader_path/Frameworks",
				);
				PRODUCT_BUNDLE_IDENTIFIER = "wangzelong.ZLDesignPatterns-DemoUITests";
				PRODUCT_NAME = "$(TARGET_NAME)";
				TARGETED_DEVICE_FAMILY = "1,2";
				TEST_TARGET_NAME = "ZLDesignPatterns-Demo";
			};
			name = Release;
		};
/* End XCBuildConfiguration section */

/* Begin XCConfigurationList section */
		C7059FA72456C36500FAB8F0 /* Build configuration list for PBXProject "ZLDesignPatterns-Demo" */ = {
			isa = XCConfigurationList;
			buildConfigurations = (
				C7059FD92456C36600FAB8F0 /* Debug */,
				C7059FDA2456C36600FAB8F0 /* Release */,
			);
			defaultConfigurationIsVisible = 0;
			defaultConfigurationName = Release;
		};
		C7059FDB2456C36600FAB8F0 /* Build configuration list for PBXNativeTarget "ZLDesignPatterns-Demo" */ = {
			isa = XCConfigurationList;
			buildConfigurations = (
				C7059FDC2456C36600FAB8F0 /* Debug */,
				C7059FDD2456C36600FAB8F0 /* Release */,
			);
			defaultConfigurationIsVisible = 0;
			defaultConfigurationName = Release;
		};
		C7059FDE2456C36600FAB8F0 /* Build configuration list for PBXNativeTarget "ZLDesignPatterns-DemoTests" */ = {
			isa = XCConfigurationList;
			buildConfigurations = (
				C7059FDF2456C36600FAB8F0 /* Debug */,
				C7059FE02456C36600FAB8F0 /* Release */,
			);
			defaultConfigurationIsVisible = 0;
			defaultConfigurationName = Release;
		};
		C7059FE12456C36600FAB8F0 /* Build configuration list for PBXNativeTarget "ZLDesignPatterns-DemoUITests" */ = {
			isa = XCConfigurationList;
			buildConfigurations = (
				C7059FE22456C36600FAB8F0 /* Debug */,
				C7059FE32456C36600FAB8F0 /* Release */,
			);
			defaultConfigurationIsVisible = 0;
			defaultConfigurationName = Release;
		};
/* End XCConfigurationList section */
	};
	rootObject = C7059FA42456C36500FAB8F0 /* Project object */;
}
